
Microsoft Visual Studio Solution File, Format Version 12.00
# Visual Studio Version 17
VisualStudioVersion = 17.3.32901.215
MinimumVisualStudioVersion = 10.0.40219.1
Project("{8BC9CEB8-8B4A-11D0-8D11-00A0C91BC942}") = "InteropUtils", "InteropUtils.vcxproj", "{C3E8D512-98DF-4A48-8FA0-03C0BCF41E55}"
EndProject
Global
	GlobalSection(SolutionConfigurationPlatforms) = preSolution
		Debug|x64 = Debug|x64
		Debug|x86 = Debug|x86
		Release|x64 = Release|x64
		Release|x86 = Release|x86
	EndGlobalSection
	GlobalSection(ProjectConfigurationPlatforms) = postSolution
		{C3E8D512-98DF-4A48-8FA0-03C0BCF41E55}.Debug|x64.ActiveCfg = Debug|x64
		{C3E8D512-98DF-4A48-8FA0-03C0BCF41E55}.Debug|x64.Build.0 = Debug|x64
		{C3E8D512-98DF-4A48-8FA0-03C0BCF41E55}.Debug|x86.ActiveCfg = Debug|Win32
		{C3E8D512-98DF-4A48-8FA0-03C0BCF41E55}.Debug|x86.Build.0 = Debug|Win32
		{C3E8D512-98DF-4A48-8FA0-03C0BCF41E55}.Release|x64.ActiveCfg = Release|x64
		{C3E8D512-98DF-4A48-8FA0-03C0BCF41E55}.Release|x64.Build.0 = Release|x64
		{C3E8D512-98DF-4A48-8FA0-03C0BCF41E55}.Release|x86.ActiveCfg = Release|Win32
		{C3E8D512-98DF-4A48-8FA0-03C0BCF41E55}.Release|x86.Build.0 = Release|Win32
	EndGlobalSection
	GlobalSection(SolutionProperties) = preSolution
		HideSolutionNode = FALSE
	EndGlobalSection
	GlobalSection(ExtensibilityGlobals) = postSolution
		SolutionGuid = {5207FB92-1BD7-433C-853B-B5717AF7BA1E}
	EndGlobalSection
EndGlobal
